
Microsoft Visual Studio Solution File, Format Version 12.00
# Visual Studio Version 16
VisualStudioVersion = 16.0.31005.135
MinimumVisualStudioVersion = 10.0.40219.1
Project("{FAE04EC0-301F-11D3-BF4B-00C04F79EFBC}") = "task1", "task1\task1.csproj", "{A3CC49F6-B118-4226-AB66-207454A50850}"
EndProject
Global
	GlobalSection(SolutionConfigurationPlatforms) = preSolution
		Debug|Any CPU = Debug|Any CPU
		Release|Any CPU = Release|Any CPU
	EndGlobalSection
	GlobalSection(ProjectConfigurationPlatforms) = postSolution
		{A3CC49F6-B118-4226-AB66-207454A50850}.Debug|Any CPU.ActiveCfg = Debug|Any CPU
		{A3CC49F6-B118-4226-AB66-207454A50850}.Debug|Any CPU.Build.0 = Debug|Any CPU
		{A3CC49F6-B118-4226-AB66-207454A50850}.Release|Any CPU.ActiveCfg = Release|Any CPU
		{A3CC49F6-B118-4226-AB66-207454A50850}.Release|Any CPU.Build.0 = Release|Any CPU
	EndGlobalSection
	GlobalSection(SolutionProperties) = preSolution
		HideSolutionNode = FALSE
	EndGlobalSection
	GlobalSection(ExtensibilityGlobals) = postSolution
		SolutionGuid = {D496504F-7AD0-4642-9681-24060FAA9389}
	EndGlobalSection
EndGlobal
